
Microsoft Visual Studio Solution File, Format Version 12.00
# Visual Studio Version 17
VisualStudioVersion = 17.8.34330.188
MinimumVisualStudioVersion = 10.0.40219.1
Project("{9A19103F-16F7-4668-BE54-9A1E7A4F7556}") = "Nettify", "public\Nettify\Nettify.csproj", "{62C25E4C-7941-4655-9CDB-A22E2FEE4B2D}"
EndProject
Project("{9A19103F-16F7-4668-BE54-9A1E7A4F7556}") = "Nettify.Demo", "private\Nettify.Demo\Nettify.Demo.csproj", "{72CD0859-837E-4022-8B52-F4E7C212143B}"
EndProject
Project("{2150E333-8FDC-42A3-9474-1A3956D46DE8}") = "Assets", "Assets", "{30BE6786-6B28-4051-9EAD-354F6427379C}"
	ProjectSection(SolutionItems) = preProject
		CHANGES = CHANGES
		CHANGES.TITLE = CHANGES.TITLE
		Directory.Build.props = Directory.Build.props
	EndProjectSection
EndProject
Project("{2150E333-8FDC-42A3-9474-1A3956D46DE8}") = "Public", "Public", "{FEBDAC29-915F-4A9F-9B17-81AC4A7B2178}"
EndProject
Project("{2150E333-8FDC-42A3-9474-1A3956D46DE8}") = "Private", "Private", "{32BAC8ED-C125-4B9A-B4BB-21DF46467013}"
EndProject
Global
	GlobalSection(SolutionConfigurationPlatforms) = preSolution
		Debug|Any CPU = Debug|Any CPU
		Release|Any CPU = Release|Any CPU
	EndGlobalSection
	GlobalSection(ProjectConfigurationPlatforms) = postSolution
		{62C25E4C-7941-4655-9CDB-A22E2FEE4B2D}.Debug|Any CPU.ActiveCfg = Debug|Any CPU
		{62C25E4C-7941-4655-9CDB-A22E2FEE4B2D}.Debug|Any CPU.Build.0 = Debug|Any CPU
		{62C25E4C-7941-4655-9CDB-A22E2FEE4B2D}.Release|Any CPU.ActiveCfg = Release|Any CPU
		{62C25E4C-7941-4655-9CDB-A22E2FEE4B2D}.Release|Any CPU.Build.0 = Release|Any CPU
		{72CD0859-837E-4022-8B52-F4E7C212143B}.Debug|Any CPU.ActiveCfg = Debug|Any CPU
		{72CD0859-837E-4022-8B52-F4E7C212143B}.Debug|Any CPU.Build.0 = Debug|Any CPU
		{72CD0859-837E-4022-8B52-F4E7C212143B}.Release|Any CPU.ActiveCfg = Release|Any CPU
		{72CD0859-837E-4022-8B52-F4E7C212143B}.Release|Any CPU.Build.0 = Release|Any CPU
	EndGlobalSection
	GlobalSection(SolutionProperties) = preSolution
		HideSolutionNode = FALSE
	EndGlobalSection
	GlobalSection(NestedProjects) = preSolution
		{62C25E4C-7941-4655-9CDB-A22E2FEE4B2D} = {FEBDAC29-915F-4A9F-9B17-81AC4A7B2178}
		{72CD0859-837E-4022-8B52-F4E7C212143B} = {32BAC8ED-C125-4B9A-B4BB-21DF46467013}
	EndGlobalSection
	GlobalSection(ExtensibilityGlobals) = postSolution
		SolutionGuid = {A90B7DED-5D5D-4422-8B98-5D71FBF96268}
	EndGlobalSection
EndGlobal
